
Microsoft Visual Studio Solution File, Format Version 12.00
# Visual Studio Version 17
VisualStudioVersion = 17.7.34018.315
MinimumVisualStudioVersion = 10.0.40219.1
Project("{9A19103F-16F7-4668-BE54-9A1E7A4F7556}") = "AWSSignatureGenerator", "AWSSignatureGenerator\AWSSignatureGenerator.csproj", "{EA7761D9-C581-4487-B335-38D9876F7461}"
EndProject
Project("{FAE04EC0-301F-11D3-BF4B-00C04F79EFBC}") = "Test", "Test\Test.csproj", "{14570800-130B-4E93-AF86-B5EFBC3F16EF}"
EndProject
Project("{FAE04EC0-301F-11D3-BF4B-00C04F79EFBC}") = "Test.Shared", "Test.Shared\Test.Shared.csproj", "{DD3627AA-A4DD-4937-BB7F-2E3C9820B584}"
EndProject
Project("{FAE04EC0-301F-11D3-BF4B-00C04F79EFBC}") = "Test.Automated", "Test.Automated\Test.Automated.csproj", "{8A621DAF-8B22-4625-9BB5-C59E0DDF06DE}"
EndProject
Project("{FAE04EC0-301F-11D3-BF4B-00C04F79EFBC}") = "Test.Xunit", "Test.Xunit\Test.Xunit.csproj", "{B8ABB0F0-73A9-4744-A837-A973B0EA294F}"
EndProject
Global
	GlobalSection(SolutionConfigurationPlatforms) = preSolution
		Debug|Any CPU = Debug|Any CPU
		Debug|x64 = Debug|x64
		Debug|x86 = Debug|x86
		Release|Any CPU = Release|Any CPU
		Release|x64 = Release|x64
		Release|x86 = Release|x86
	EndGlobalSection
	GlobalSection(ProjectConfigurationPlatforms) = postSolution
		{EA7761D9-C581-4487-B335-38D9876F7461}.Debug|Any CPU.ActiveCfg = Debug|Any CPU
		{EA7761D9-C581-4487-B335-38D9876F7461}.Debug|Any CPU.Build.0 = Debug|Any CPU
		{EA7761D9-C581-4487-B335-38D9876F7461}.Debug|x64.ActiveCfg = Debug|Any CPU
		{EA7761D9-C581-4487-B335-38D9876F7461}.Debug|x64.Build.0 = Debug|Any CPU
		{EA7761D9-C581-4487-B335-38D9876F7461}.Debug|x86.ActiveCfg = Debug|Any CPU
		{EA7761D9-C581-4487-B335-38D9876F7461}.Debug|x86.Build.0 = Debug|Any CPU
		{EA7761D9-C581-4487-B335-38D9876F7461}.Release|Any CPU.ActiveCfg = Release|Any CPU
		{EA7761D9-C581-4487-B335-38D9876F7461}.Release|Any CPU.Build.0 = Release|Any CPU
		{EA7761D9-C581-4487-B335-38D9876F7461}.Release|x64.ActiveCfg = Release|Any CPU
		{EA7761D9-C581-4487-B335-38D9876F7461}.Release|x64.Build.0 = Release|Any CPU
		{EA7761D9-C581-4487-B335-38D9876F7461}.Release|x86.ActiveCfg = Release|Any CPU
		{EA7761D9-C581-4487-B335-38D9876F7461}.Release|x86.Build.0 = Release|Any CPU
		{14570800-130B-4E93-AF86-B5EFBC3F16EF}.Debug|Any CPU.ActiveCfg = Debug|Any CPU
		{14570800-130B-4E93-AF86-B5EFBC3F16EF}.Debug|Any CPU.Build.0 = Debug|Any CPU
		{14570800-130B-4E93-AF86-B5EFBC3F16EF}.Debug|x64.ActiveCfg = Debug|Any CPU
		{14570800-130B-4E93-AF86-B5EFBC3F16EF}.Debug|x64.Build.0 = Debug|Any CPU
		{14570800-130B-4E93-AF86-B5EFBC3F16EF}.Debug|x86.ActiveCfg = Debug|Any CPU
		{14570800-130B-4E93-AF86-B5EFBC3F16EF}.Debug|x86.Build.0 = Debug|Any CPU
		{14570800-130B-4E93-AF86-B5EFBC3F16EF}.Release|Any CPU.ActiveCfg = Release|Any CPU
		{14570800-130B-4E93-AF86-B5EFBC3F16EF}.Release|Any CPU.Build.0 = Release|Any CPU
		{14570800-130B-4E93-AF86-B5EFBC3F16EF}.Release|x64.ActiveCfg = Release|Any CPU
		{14570800-130B-4E93-AF86-B5EFBC3F16EF}.Release|x64.Build.0 = Release|Any CPU
		{14570800-130B-4E93-AF86-B5EFBC3F16EF}.Release|x86.ActiveCfg = Release|Any CPU
		{14570800-130B-4E93-AF86-B5EFBC3F16EF}.Release|x86.Build.0 = Release|Any CPU
		{DD3627AA-A4DD-4937-BB7F-2E3C9820B584}.Debug|Any CPU.ActiveCfg = Debug|Any CPU
		{DD3627AA-A4DD-4937-BB7F-2E3C9820B584}.Debug|Any CPU.Build.0 = Debug|Any CPU
		{DD3627AA-A4DD-4937-BB7F-2E3C9820B584}.Debug|x64.ActiveCfg = Debug|Any CPU
		{DD3627AA-A4DD-4937-BB7F-2E3C9820B584}.Debug|x64.Build.0 = Debug|Any CPU
		{DD3627AA-A4DD-4937-BB7F-2E3C9820B584}.Debug|x86.ActiveCfg = Debug|Any CPU
		{DD3627AA-A4DD-4937-BB7F-2E3C9820B584}.Debug|x86.Build.0 = Debug|Any CPU
		{DD3627AA-A4DD-4937-BB7F-2E3C9820B584}.Release|Any CPU.ActiveCfg = Release|Any CPU
		{DD3627AA-A4DD-4937-BB7F-2E3C9820B584}.Release|Any CPU.Build.0 = Release|Any CPU
		{DD3627AA-A4DD-4937-BB7F-2E3C9820B584}.Release|x64.ActiveCfg = Release|Any CPU
		{DD3627AA-A4DD-4937-BB7F-2E3C9820B584}.Release|x64.Build.0 = Release|Any CPU
		{DD3627AA-A4DD-4937-BB7F-2E3C9820B584}.Release|x86.ActiveCfg = Release|Any CPU
		{DD3627AA-A4DD-4937-BB7F-2E3C9820B584}.Release|x86.Build.0 = Release|Any CPU
		{8A621DAF-8B22-4625-9BB5-C59E0DDF06DE}.Debug|Any CPU.ActiveCfg = Debug|Any CPU
		{8A621DAF-8B22-4625-9BB5-C59E0DDF06DE}.Debug|Any CPU.Build.0 = Debug|Any CPU
		{8A621DAF-8B22-4625-9BB5-C59E0DDF06DE}.Debug|x64.ActiveCfg = Debug|Any CPU
		{8A621DAF-8B22-4625-9BB5-C59E0DDF06DE}.Debug|x64.Build.0 = Debug|Any CPU
		{8A621DAF-8B22-4625-9BB5-C59E0DDF06DE}.Debug|x86.ActiveCfg = Debug|Any CPU
		{8A621DAF-8B22-4625-9BB5-C59E0DDF06DE}.Debug|x86.Build.0 = Debug|Any CPU
		{8A621DAF-8B22-4625-9BB5-C59E0DDF06DE}.Release|Any CPU.ActiveCfg = Release|Any CPU
		{8A621DAF-8B22-4625-9BB5-C59E0DDF06DE}.Release|Any CPU.Build.0 = Release|Any CPU
		{8A621DAF-8B22-4625-9BB5-C59E0DDF06DE}.Release|x64.ActiveCfg = Release|Any CPU
		{8A621DAF-8B22-4625-9BB5-C59E0DDF06DE}.Release|x64.Build.0 = Release|Any CPU
		{8A621DAF-8B22-4625-9BB5-C59E0DDF06DE}.Release|x86.ActiveCfg = Release|Any CPU
		{8A621DAF-8B22-4625-9BB5-C59E0DDF06DE}.Release|x86.Build.0 = Release|Any CPU
		{B8ABB0F0-73A9-4744-A837-A973B0EA294F}.Debug|Any CPU.ActiveCfg = Debug|Any CPU
		{B8ABB0F0-73A9-4744-A837-A973B0EA294F}.Debug|Any CPU.Build.0 = Debug|Any CPU
		{B8ABB0F0-73A9-4744-A837-A973B0EA294F}.Debug|x64.ActiveCfg = Debug|Any CPU
		{B8ABB0F0-73A9-4744-A837-A973B0EA294F}.Debug|x64.Build.0 = Debug|Any CPU
		{B8ABB0F0-73A9-4744-A837-A973B0EA294F}.Debug|x86.ActiveCfg = Debug|Any CPU
		{B8ABB0F0-73A9-4744-A837-A973B0EA294F}.Debug|x86.Build.0 = Debug|Any CPU
		{B8ABB0F0-73A9-4744-A837-A973B0EA294F}.Release|Any CPU.ActiveCfg = Release|Any CPU
		{B8ABB0F0-73A9-4744-A837-A973B0EA294F}.Release|Any CPU.Build.0 = Release|Any CPU
		{B8ABB0F0-73A9-4744-A837-A973B0EA294F}.Release|x64.ActiveCfg = Release|Any CPU
		{B8ABB0F0-73A9-4744-A837-A973B0EA294F}.Release|x64.Build.0 = Release|Any CPU
		{B8ABB0F0-73A9-4744-A837-A973B0EA294F}.Release|x86.ActiveCfg = Release|Any CPU
		{B8ABB0F0-73A9-4744-A837-A973B0EA294F}.Release|x86.Build.0 = Release|Any CPU
	EndGlobalSection
	GlobalSection(SolutionProperties) = preSolution
		HideSolutionNode = FALSE
	EndGlobalSection
	GlobalSection(ExtensibilityGlobals) = postSolution
		SolutionGuid = {0A502F3E-131D-40F4-8F5F-42ADC93D623E}
	EndGlobalSection
EndGlobal
